PODS:
  - wildAllParamPicKit (0.1.3)

DEPENDENCIES:
  - wildAllParamPicKit (from `../`)

EXTERNAL SOURCES:
  wildAllParamPicKit:
    :path: "../"

SPEC CHECKSUMS:
  wildAllParamPicKit: 4703d4f9eb931588439549d8740398a1f0fb9a97

PODFILE CHECKSUM: ca465a37a517e1bf03e0ff4ccc4604f233913878

COCOAPODS: 1.5.3
