PODS:
  - wildAllParamPicKit (0.1.2)

DEPENDENCIES:
  - wildAllParamPicKit (from `../`)

EXTERNAL SOURCES:
  wildAllParamPicKit:
    :path: "../"

SPEC CHECKSUMS:
  wildAllParamPicKit: 23db757e5eb2058e260418a4273f53ea7e8a7f26

PODFILE CHECKSUM: ca465a37a517e1bf03e0ff4ccc4604f233913878

COCOAPODS: 1.5.3
